
Microsoft Visual Studio Solution File, Format Version 12.00
# Visual Studio Version 17
VisualStudioVersion = 17.5.002.0
MinimumVisualStudioVersion = 10.0.40219.1
Project("{9A19103F-16F7-4668-BE54-9A1E7A4F7556}") = "program003d-ukol", "program003d-ukol.csproj", "{F2A1B302-741C-4A60-A8A8-0AD92742FB67}"
EndProject
Global
	GlobalSection(SolutionConfigurationPlatforms) = preSolution
		Debug|Any CPU = Debug|Any CPU
		Release|Any CPU = Release|Any CPU
	EndGlobalSection
	GlobalSection(ProjectConfigurationPlatforms) = postSolution
		{F2A1B302-741C-4A60-A8A8-0AD92742FB67}.Debug|Any CPU.ActiveCfg = Debug|Any CPU
		{F2A1B302-741C-4A60-A8A8-0AD92742FB67}.Debug|Any CPU.Build.0 = Debug|Any CPU
		{F2A1B302-741C-4A60-A8A8-0AD92742FB67}.Release|Any CPU.ActiveCfg = Release|Any CPU
		{F2A1B302-741C-4A60-A8A8-0AD92742FB67}.Release|Any CPU.Build.0 = Release|Any CPU
	EndGlobalSection
	GlobalSection(SolutionProperties) = preSolution
		HideSolutionNode = FALSE
	EndGlobalSection
	GlobalSection(ExtensibilityGlobals) = postSolution
		SolutionGuid = {9491D635-6BB1-48DA-B23A-BD54825AA67D}
	EndGlobalSection
EndGlobal
