
Microsoft Visual Studio Solution File, Format Version 12.00
# Visual Studio Version 17
VisualStudioVersion = 17.5.002.0
MinimumVisualStudioVersion = 10.0.40219.1
Project("{9A19103F-16F7-4668-BE54-9A1E7A4F7556}") = "program005-max-min", "program005-max-min.csproj", "{594B9E50-3510-4ECB-8DFE-80A12DC3054E}"
EndProject
Global
	GlobalSection(SolutionConfigurationPlatforms) = preSolution
		Debug|Any CPU = Debug|Any CPU
		Release|Any CPU = Release|Any CPU
	EndGlobalSection
	GlobalSection(ProjectConfigurationPlatforms) = postSolution
		{594B9E50-3510-4ECB-8DFE-80A12DC3054E}.Debug|Any CPU.ActiveCfg = Debug|Any CPU
		{594B9E50-3510-4ECB-8DFE-80A12DC3054E}.Debug|Any CPU.Build.0 = Debug|Any CPU
		{594B9E50-3510-4ECB-8DFE-80A12DC3054E}.Release|Any CPU.ActiveCfg = Release|Any CPU
		{594B9E50-3510-4ECB-8DFE-80A12DC3054E}.Release|Any CPU.Build.0 = Release|Any CPU
	EndGlobalSection
	GlobalSection(SolutionProperties) = preSolution
		HideSolutionNode = FALSE
	EndGlobalSection
	GlobalSection(ExtensibilityGlobals) = postSolution
		SolutionGuid = {FD4AE700-DE4F-4EA0-8FBD-74CE7826ED05}
	EndGlobalSection
EndGlobal
